
Microsoft Visual Studio Solution File, Format Version 12.00
# Visual Studio 15
VisualStudioVersion = 15.0.28010.2026
MinimumVisualStudioVersion = 10.0.40219.1
Project("{FAE04EC0-301F-11D3-BF4B-00C04F79EFBC}") = "SondaEspacial", "SondaEspacial\SondaEspacial.csproj", "{FB10BBC1-9919-4465-BB00-72DEE390110D}"
EndProject
Project("{FAE04EC0-301F-11D3-BF4B-00C04F79EFBC}") = "ProjetoTeste", "ProjetoTeste\ProjetoTeste.csproj", "{A7F443D2-8CEC-4CF0-8058-41D88A57D6CE}"
EndProject
Global
	GlobalSection(SolutionConfigurationPlatforms) = preSolution
		Debug|Any CPU = Debug|Any CPU
		Release|Any CPU = Release|Any CPU
	EndGlobalSection
	GlobalSection(ProjectConfigurationPlatforms) = postSolution
		{FB10BBC1-9919-4465-BB00-72DEE390110D}.Debug|Any CPU.ActiveCfg = Debug|Any CPU
		{FB10BBC1-9919-4465-BB00-72DEE390110D}.Debug|Any CPU.Build.0 = Debug|Any CPU
		{FB10BBC1-9919-4465-BB00-72DEE390110D}.Release|Any CPU.ActiveCfg = Release|Any CPU
		{FB10BBC1-9919-4465-BB00-72DEE390110D}.Release|Any CPU.Build.0 = Release|Any CPU
		{A7F443D2-8CEC-4CF0-8058-41D88A57D6CE}.Debug|Any CPU.ActiveCfg = Debug|Any CPU
		{A7F443D2-8CEC-4CF0-8058-41D88A57D6CE}.Debug|Any CPU.Build.0 = Debug|Any CPU
		{A7F443D2-8CEC-4CF0-8058-41D88A57D6CE}.Release|Any CPU.ActiveCfg = Release|Any CPU
		{A7F443D2-8CEC-4CF0-8058-41D88A57D6CE}.Release|Any CPU.Build.0 = Release|Any CPU
	EndGlobalSection
	GlobalSection(SolutionProperties) = preSolution
		HideSolutionNode = FALSE
	EndGlobalSection
	GlobalSection(ExtensibilityGlobals) = postSolution
		SolutionGuid = {677BB56B-65AE-46C4-815F-1346C87FF203}
	EndGlobalSection
EndGlobal
